
Microsoft Visual Studio Solution File, Format Version 12.00
# Visual Studio Version 17
VisualStudioVersion = 17.3.32922.545
MinimumVisualStudioVersion = 10.0.40219.1
Project("{FAE04EC0-301F-11D3-BF4B-00C04F79EFBC}") = "Heroes", "Heroes\Heroes.csproj", "{E17EDEF9-7F41-4F4D-93C4-B0CF0A15CBC4}"
EndProject
Project("{FAE04EC0-301F-11D3-BF4B-00C04F79EFBC}") = "HeroModels", "HeroModels\HeroModels.csproj", "{F90227B6-BF47-4717-9E9E-34681F09A991}"
EndProject
Project("{FAE04EC0-301F-11D3-BF4B-00C04F79EFBC}") = "MonsterModels", "MonsterModels\MonsterModels.csproj", "{820F7CF6-4F4B-40E4-88CE-6A80670431B9}"
EndProject
Global
	GlobalSection(SolutionConfigurationPlatforms) = preSolution
		Debug|Any CPU = Debug|Any CPU
		Release|Any CPU = Release|Any CPU
	EndGlobalSection
	GlobalSection(ProjectConfigurationPlatforms) = postSolution
		{E17EDEF9-7F41-4F4D-93C4-B0CF0A15CBC4}.Debug|Any CPU.ActiveCfg = Debug|Any CPU
		{E17EDEF9-7F41-4F4D-93C4-B0CF0A15CBC4}.Debug|Any CPU.Build.0 = Debug|Any CPU
		{E17EDEF9-7F41-4F4D-93C4-B0CF0A15CBC4}.Release|Any CPU.ActiveCfg = Release|Any CPU
		{E17EDEF9-7F41-4F4D-93C4-B0CF0A15CBC4}.Release|Any CPU.Build.0 = Release|Any CPU
		{F90227B6-BF47-4717-9E9E-34681F09A991}.Debug|Any CPU.ActiveCfg = Debug|Any CPU
		{F90227B6-BF47-4717-9E9E-34681F09A991}.Debug|Any CPU.Build.0 = Debug|Any CPU
		{F90227B6-BF47-4717-9E9E-34681F09A991}.Release|Any CPU.ActiveCfg = Release|Any CPU
		{F90227B6-BF47-4717-9E9E-34681F09A991}.Release|Any CPU.Build.0 = Release|Any CPU
		{820F7CF6-4F4B-40E4-88CE-6A80670431B9}.Debug|Any CPU.ActiveCfg = Debug|Any CPU
		{820F7CF6-4F4B-40E4-88CE-6A80670431B9}.Debug|Any CPU.Build.0 = Debug|Any CPU
		{820F7CF6-4F4B-40E4-88CE-6A80670431B9}.Release|Any CPU.ActiveCfg = Release|Any CPU
		{820F7CF6-4F4B-40E4-88CE-6A80670431B9}.Release|Any CPU.Build.0 = Release|Any CPU
	EndGlobalSection
	GlobalSection(SolutionProperties) = preSolution
		HideSolutionNode = FALSE
	EndGlobalSection
	GlobalSection(ExtensibilityGlobals) = postSolution
		SolutionGuid = {3BFB870A-187B-46B1-BE23-25C8F73690B3}
	EndGlobalSection
EndGlobal
